# THIS IS AN AUTOGENERATED FILE. DO NOT EDIT THIS FILE DIRECTLY.
# yarn lockfile v1


"@enact/core@^4.6.0", "@enact/core@^4.7.1":
  version "4.7.1"
  resolved "https://registry.yarnpkg.com/@enact/core/-/core-4.7.1.tgz#bd51c73fd90281c51fe06c8251a397d0cba685fd"
  integrity sha512-9LbUK81BpY1Xue/BiZLvCMc7OJ0jREaonsOazWuFnxeVcD15KjyWpkAeriudvlrZg8vvyeta8+487N5Clh0I7Q==
  dependencies:
    classnames "^2.3.2"
    invariant "^2.2.4"
    prop-types "^15.8.1"
    ramda "^0.29.0"
    react "^18.2.0"
    react-dom "^18.2.0"
    react-is "^18.2.0"
    warning "^4.0.3"

"@enact/i18n@^4.6.0", "@enact/i18n@^4.7.1":
  version "4.7.1"
  resolved "https://registry.yarnpkg.com/@enact/i18n/-/i18n-4.7.1.tgz#5602ecf2e984d455ee2b78c52e86179bb045b34a"
  integrity sha512-Av3yAdhbbaRe4S6/mDz+ZIjXFgBKhCjplR5N1reHz4wzN7sQFsGDsZWFyi81iJrpaNUrJsM1YXhmjd+HUaL8+g==
  dependencies:
    "@enact/core" "^4.7.1"
    prop-types "^15.8.1"
    ramda "^0.29.0"
    react "^18.2.0"
    react-dom "^18.2.0"
    xhr "^2.6.0"

"@enact/sandstone@^2.6.0":
  version "2.7.1"
  resolved "https://registry.yarnpkg.com/@enact/sandstone/-/sandstone-2.7.1.tgz#d33275d5ad0e2bc86e1d428518c36948646799d9"
  integrity sha512-CDddLAgIM21fQBGnJTIsH/95WZ8dU2DEKBD2eJmxT6R/RZGAaxErIBjWu2cR/WAQwIy9phCpmJxTJMOwRqydlw==
  dependencies:
    "@enact/core" "^4.7.1"
    "@enact/i18n" "^4.7.1"
    "@enact/spotlight" "^4.7.1"
    "@enact/ui" "^4.7.1"
    "@enact/webos" "^4.7.1"
    classnames "^2.3.2"
    ilib "^14.17.0"
    invariant "^2.2.4"
    prop-types "^15.8.1"
    ramda "^0.29.0"
    react "^18.2.0"
    react-dom "^18.2.0"
    warning "^4.0.3"

"@enact/spotlight@^4.6.0", "@enact/spotlight@^4.7.1":
  version "4.7.1"
  resolved "https://registry.yarnpkg.com/@enact/spotlight/-/spotlight-4.7.1.tgz#a29b271afebd7c7bc5ba25110e640ea084b38c9e"
  integrity sha512-GbQj5ofEFUC0xYnMrAQNeqnxI4ceOjHBkIqLG6SnvbANOCbXu8lvd3JI+KmaTVzJ/hY7aWTeR0JyxgkIpVjB9g==
  dependencies:
    "@enact/core" "^4.7.1"
    classnames "^2.3.2"
    prop-types "^15.8.1"
    ramda "^0.29.0"
    react "^18.2.0"
    react-dom "^18.2.0"
    warning "^4.0.3"

"@enact/ui@^4.6.0", "@enact/ui@^4.7.1":
  version "4.7.1"
  resolved "https://registry.yarnpkg.com/@enact/ui/-/ui-4.7.1.tgz#326a272fcb396ad091357776906ebe927703521b"
  integrity sha512-0S2/A8ibV9KP5c3fBRw66AXQRFWHQqUX+JB54Z0HDMejeur2/xztwNhdr+Z6aEMFFVh5kG93uou55bgXjwwvsQ==
  dependencies:
    "@enact/core" "^4.7.1"
    classnames "^2.3.2"
    direction "^1.0.4"
    invariant "^2.2.4"
    prop-types "^15.8.1"
    ramda "^0.29.0"
    react "^18.2.0"
    react-dom "^18.2.0"
    react-is "^18.2.0"
    warning "^4.0.3"

"@enact/webos@^4.7.1":
  version "4.7.1"
  resolved "https://registry.yarnpkg.com/@enact/webos/-/webos-4.7.1.tgz#d9f959fb4f46b55a0dceabc660a17a62a77e0d58"
  integrity sha512-r67g9hRjqqZCouDbDASVLBcMdjhx9k4jX7azUwPrkAaSYx5i2FwNXnUvCgp3qBYDr7vFKp+EYdMO2NZt6JwWgA==
  dependencies:
    "@enact/core" "^4.7.1"
    prop-types "^15.8.1"
    react "^18.2.0"
    react-dom "^18.2.0"

"@types/node@^18.11.18":
  version "18.16.16"
  resolved "https://registry.yarnpkg.com/@types/node/-/node-18.16.16.tgz#3b64862856c7874ccf7439e6bab872d245c86d8e"
  integrity sha512-NpaM49IGQQAUlBhHMF82QH80J08os4ZmyF9MkpCzWAGuOHqE4gTEbhzd7L3l5LmWuZ6E0OiC1FweQ4tsiW35+g==

"@types/prop-types@*":
  version "15.7.5"
  resolved "https://registry.yarnpkg.com/@types/prop-types/-/prop-types-15.7.5.tgz#5f19d2b85a98e9558036f6a3cacc8819420f05cf"
  integrity sha512-JCB8C6SnDoQf0cNycqd/35A7MjcnK+ZTqE7judS6o7utxUCg6imJg3QK2qzHKszlTjcj2cn+NwMB2i96ubpj7w==

"@types/react-dom@^18.0.10":
  version "18.2.4"
  resolved "https://registry.yarnpkg.com/@types/react-dom/-/react-dom-18.2.4.tgz#13f25bfbf4e404d26f62ac6e406591451acba9e0"
  integrity sha512-G2mHoTMTL4yoydITgOGwWdWMVd8sNgyEP85xVmMKAPUBwQWm9wBPQUmvbeF4V3WBY1P7mmL4BkjQ0SqUpf1snw==
  dependencies:
    "@types/react" "*"

"@types/react@*", "@types/react@^18.0.27":
  version "18.2.8"
  resolved "https://registry.yarnpkg.com/@types/react/-/react-18.2.8.tgz#a77dcffe4e9af148ca4aa8000c51a1e8ed99e2c8"
  integrity sha512-lTyWUNrd8ntVkqycEEplasWy2OxNlShj3zqS0LuB1ENUGis5HodmhM7DtCoUGbxj3VW/WsGA0DUhpG6XrM7gPA==
  dependencies:
    "@types/prop-types" "*"
    "@types/scheduler" "*"
    csstype "^3.0.2"

"@types/scheduler@*":
  version "0.16.3"
  resolved "https://registry.yarnpkg.com/@types/scheduler/-/scheduler-0.16.3.tgz#cef09e3ec9af1d63d2a6cc5b383a737e24e6dcf5"
  integrity sha512-5cJ8CB4yAx7BH1oMvdU0Jh9lrEXyPkar6F9G/ERswkCuvP4KQZfZkSjcMbAICCpQTN4OuZn8tz0HiKv9TGZgrQ==

classnames@^2.3.2:
  version "2.3.2"
  resolved "https://registry.yarnpkg.com/classnames/-/classnames-2.3.2.tgz#351d813bf0137fcc6a76a16b88208d2560a0d924"
  integrity sha512-CSbhY4cFEJRe6/GQzIk5qXZ4Jeg5pcsP7b5peFSDpffpe1cqjASH/n9UTjBwOp6XpMSTwQ8Za2K5V02ueA7Tmw==

csstype@^3.0.2:
  version "3.1.2"
  resolved "https://registry.yarnpkg.com/csstype/-/csstype-3.1.2.tgz#1d4bf9d572f11c14031f0436e1c10bc1f571f50b"
  integrity sha512-I7K1Uu0MBPzaFKg4nI5Q7Vs2t+3gWWW648spaF+Rg7pI9ds18Ugn+lvg4SHczUdKlHI5LWBXyqfS8+DufyBsgQ==

direction@^1.0.4:
  version "1.0.4"
  resolved "https://registry.yarnpkg.com/direction/-/direction-1.0.4.tgz#2b86fb686967e987088caf8b89059370d4837442"
  integrity sha512-GYqKi1aH7PJXxdhTeZBFrg8vUBeKXi+cNprXsC1kpJcbcVnV9wBsrOu1cQEdG0WeQwlfHiy3XvnKfIrJ2R0NzQ==

dom-walk@^0.1.0:
  version "0.1.2"
  resolved "https://registry.yarnpkg.com/dom-walk/-/dom-walk-0.1.2.tgz#0c548bef048f4d1f2a97249002236060daa3fd84"
  integrity sha512-6QvTW9mrGeIegrFXdtQi9pk7O/nSK6lSdXW2eqUspN5LWD7UTji2Fqw5V2YLjBpHEoU9Xl/eUWNpDeZvoyOv2w==

eslint-config-enact-proxy@^1.0.5:
  version "1.0.5"
  resolved "https://registry.yarnpkg.com/eslint-config-enact-proxy/-/eslint-config-enact-proxy-1.0.5.tgz#99afe7efebc9a80695c6f1bed82ac5c6c99bab79"
  integrity sha512-nT7FITn13xnzElwvF58Psq9QNYe8iovpzKvufqTKsuKc4rJTjBKg8DBCtoNH7W2QsetCUYRtH0HqD7JKIuxYBQ==
  dependencies:
    semver "^7.3.7"

global@~4.4.0:
  version "4.4.0"
  resolved "https://registry.yarnpkg.com/global/-/global-4.4.0.tgz#3e7b105179006a323ed71aafca3e9c57a5cc6406"
  integrity sha512-wv/LAoHdRE3BeTGz53FAamhGlPLhlssK45usmGFThIi4XqnBmjKQ16u+RNbP7WvigRZDxUsM0J3gcQ5yicaL0w==
  dependencies:
    min-document "^2.19.0"
    process "^0.11.10"

ilib@^14.17.0:
  version "14.17.0"
  resolved "https://registry.yarnpkg.com/ilib/-/ilib-14.17.0.tgz#ddcf30dae1e4a83aa1c19b003c0408b7f15f8959"
  integrity sha512-b39YKZVtn3oDwVQsDCqzVvTzOFzv1pwi7n9noa0FDmei+Ak0taEO52K77854FdMBCY2n9/vbXXJyupAmt5Zl9w==

"ilib@npm:ilib-webos@^14.15.1-webos1":
  version "14.15.1-webos1"
  resolved "https://registry.yarnpkg.com/ilib-webos/-/ilib-webos-14.15.1-webos1.tgz#f91bdc4c47c944ffb915186c8760636ae8519f0f"
  integrity sha512-m0RVpEAzgufDnZV2sdyAOqRTOp92ugIOsNnNa0LgfYtelZJ5osszyxdxY3Nem/vTB4TJmgzW0dtD2/poUP35yg==

invariant@^2.2.4:
  version "2.2.4"
  resolved "https://registry.yarnpkg.com/invariant/-/invariant-2.2.4.tgz#610f3c92c9359ce1db616e538008d23ff35158e6"
  integrity sha512-phJfQVBuaJM5raOpJjSfkiD6BpbCE4Ns//LaXl6wGYtUBY83nWS6Rf9tXm2e8VaK60JEjYldbPif/A2B1C2gNA==
  dependencies:
    loose-envify "^1.0.0"

is-function@^1.0.1:
  version "1.0.2"
  resolved "https://registry.yarnpkg.com/is-function/-/is-function-1.0.2.tgz#4f097f30abf6efadac9833b17ca5dc03f8144e08"
  integrity sha512-lw7DUp0aWXYg+CBCN+JKkcE0Q2RayZnSvnZBlwgxHBQhqt5pZNVy4Ri7H9GmmXkdu7LUthszM+Tor1u/2iBcpQ==

"js-tokens@^3.0.0 || ^4.0.0":
  version "4.0.0"
  resolved "https://registry.yarnpkg.com/js-tokens/-/js-tokens-4.0.0.tgz#19203fb59991df98e3a287050d4647cdeaf32499"
  integrity sha512-RdJUflcE3cUzKiMqQgsCu06FPu9UdIJO0beYbPhHN4k6apgJtifcoCtT9bcxOpYBtpD2kCM6Sbzg4CausW/PKQ==

loose-envify@^1.0.0, loose-envify@^1.1.0, loose-envify@^1.4.0:
  version "1.4.0"
  resolved "https://registry.yarnpkg.com/loose-envify/-/loose-envify-1.4.0.tgz#71ee51fa7be4caec1a63839f7e682d8132d30caf"
  integrity sha512-lyuxPGr/Wfhrlem2CL/UcnUc1zcqKAImBDzukY7Y5F/yQiNdko6+fRLevlw1HgMySw7f611UIY408EtxRSoK3Q==
  dependencies:
    js-tokens "^3.0.0 || ^4.0.0"

lru-cache@^6.0.0:
  version "6.0.0"
  resolved "https://registry.yarnpkg.com/lru-cache/-/lru-cache-6.0.0.tgz#6d6fe6570ebd96aaf90fcad1dafa3b2566db3a94"
  integrity sha512-Jo6dJ04CmSjuznwJSS3pUeWmd/H0ffTlkXXgwZi+eq1UCmqQwCh+eLsYOYCwY991i2Fah4h1BEMCx4qThGbsiA==
  dependencies:
    yallist "^4.0.0"

min-document@^2.19.0:
  version "2.19.0"
  resolved "https://registry.yarnpkg.com/min-document/-/min-document-2.19.0.tgz#7bd282e3f5842ed295bb748cdd9f1ffa2c824685"
  integrity sha512-9Wy1B3m3f66bPPmU5hdA4DR4PB2OfDU/+GS3yAB7IQozE3tqXaVv2zOjgla7MEGSRv95+ILmOuvhLkOK6wJtCQ==
  dependencies:
    dom-walk "^0.1.0"

object-assign@^4.1.1:
  version "4.1.1"
  resolved "https://registry.yarnpkg.com/object-assign/-/object-assign-4.1.1.tgz#2109adc7965887cfc05cbbd442cac8bfbb360863"
  integrity sha512-rJgTQnkUnH1sFw8yT6VSU3zD3sWmu6sZhIseY8VX+GRu3P6F7Fu+JNDoXfklElbLJSnc3FUQHVe4cU5hj+BcUg==

parse-headers@^2.0.0:
  version "2.0.5"
  resolved "https://registry.yarnpkg.com/parse-headers/-/parse-headers-2.0.5.tgz#069793f9356a54008571eb7f9761153e6c770da9"
  integrity sha512-ft3iAoLOB/MlwbNXgzy43SWGP6sQki2jQvAyBg/zDFAgr9bfNWZIUj42Kw2eJIl8kEi4PbgE6U1Zau/HwI75HA==

process@^0.11.10:
  version "0.11.10"
  resolved "https://registry.yarnpkg.com/process/-/process-0.11.10.tgz#7332300e840161bda3e69a1d1d91a7d4bc16f182"
  integrity sha512-cdGef/drWFoydD1JsMzuFf8100nZl+GT+yacc2bEced5f9Rjk4z+WtFUTBu9PhOi9j/jfmBPu0mMEY4wIdAF8A==

prop-types@^15.8.1:
  version "15.8.1"
  resolved "https://registry.yarnpkg.com/prop-types/-/prop-types-15.8.1.tgz#67d87bf1a694f48435cf332c24af10214a3140b5"
  integrity sha512-oj87CgZICdulUohogVAR7AjlC0327U4el4L6eAvOqCeudMDVU0NThNaV+b9Df4dXgSP1gXMTnPdhfe/2qDH5cg==
  dependencies:
    loose-envify "^1.4.0"
    object-assign "^4.1.1"
    react-is "^16.13.1"

ramda@^0.29.0:
  version "0.29.0"
  resolved "https://registry.yarnpkg.com/ramda/-/ramda-0.29.0.tgz#fbbb67a740a754c8a4cbb41e2a6e0eb8507f55fb"
  integrity sha512-BBea6L67bYLtdbOqfp8f58fPMqEwx0doL+pAi8TZyp2YWz8R9G8z9x75CZI8W+ftqhFHCpEX2cRnUUXK130iKA==

react-dom@^18.2.0:
  version "18.2.0"
  resolved "https://registry.yarnpkg.com/react-dom/-/react-dom-18.2.0.tgz#22aaf38708db2674ed9ada224ca4aa708d821e3d"
  integrity sha512-6IMTriUmvsjHUjNtEDudZfuDQUoWXVxKHhlEGSk81n4YFS+r/Kl99wXiwlVXtPBtJenozv2P+hxDsw9eA7Xo6g==
  dependencies:
    loose-envify "^1.1.0"
    scheduler "^0.23.0"

react-is@^16.13.1:
  version "16.13.1"
  resolved "https://registry.yarnpkg.com/react-is/-/react-is-16.13.1.tgz#789729a4dc36de2999dc156dd6c1d9c18cea56a4"
  integrity sha512-24e6ynE2H+OKt4kqsOvNd8kBpV65zoxbA4BVsEOB3ARVWQki/DHzaUoC5KuON/BiccDaCCTZBuOcfZs70kR8bQ==

react-is@^18.2.0:
  version "18.2.0"
  resolved "https://registry.yarnpkg.com/react-is/-/react-is-18.2.0.tgz#199431eeaaa2e09f86427efbb4f1473edb47609b"
  integrity sha512-xWGDIW6x921xtzPkhiULtthJHoJvBbF3q26fzloPCK0hsvxtPVelvftw3zjbHWSkR2km9Z+4uxbDDK/6Zw9B8w==

react@^18.2.0:
  version "18.2.0"
  resolved "https://registry.yarnpkg.com/react/-/react-18.2.0.tgz#555bd98592883255fa00de14f1151a917b5d77d5"
  integrity sha512-/3IjMdb2L9QbBdWiW5e3P2/npwMBaU9mHCSCUzNln0ZCYbcfTsGbTJrU/kGemdH2IWmB2ioZ+zkxtmq6g09fGQ==
  dependencies:
    loose-envify "^1.1.0"

scheduler@^0.23.0:
  version "0.23.0"
  resolved "https://registry.yarnpkg.com/scheduler/-/scheduler-0.23.0.tgz#ba8041afc3d30eb206a487b6b384002e4e61fdfe"
  integrity sha512-CtuThmgHNg7zIZWAXi3AsyIzA3n4xx7aNyjwC2VJldO2LMVDhFK+63xGqq6CsJH4rTAt6/M+N4GhZiDYPx9eUw==
  dependencies:
    loose-envify "^1.1.0"

semver@^7.3.7:
  version "7.5.1"
  resolved "https://registry.yarnpkg.com/semver/-/semver-7.5.1.tgz#c90c4d631cf74720e46b21c1d37ea07edfab91ec"
  integrity sha512-Wvss5ivl8TMRZXXESstBA4uR5iXgEN/VC5/sOcuXdVLzcdkz4HWetIoRfG5gb5X+ij/G9rw9YoGn3QoQ8OCSpw==
  dependencies:
    lru-cache "^6.0.0"

typescript@^4.9.5:
  version "4.9.5"
  resolved "https://registry.yarnpkg.com/typescript/-/typescript-4.9.5.tgz#095979f9bcc0d09da324d58d03ce8f8374cbe65a"
  integrity sha512-1FXk9E2Hm+QzZQ7z+McJiHL4NW1F2EzMu9Nq9i3zAaGqibafqYwCVU6WyWAuyQRRzOlxou8xZSyXLEN8oKj24g==

warning@^4.0.3:
  version "4.0.3"
  resolved "https://registry.yarnpkg.com/warning/-/warning-4.0.3.tgz#16e9e077eb8a86d6af7d64aa1e05fd85b4678ca3"
  integrity sha512-rpJyN222KWIvHJ/F53XSZv0Zl/accqHR8et1kpaMTD/fLCRxtV8iX8czMzY7sVZupTI3zcUTg8eycS2kNF9l6w==
  dependencies:
    loose-envify "^1.0.0"

web-vitals@^3.1.1:
  version "3.3.2"
  resolved "https://registry.yarnpkg.com/web-vitals/-/web-vitals-3.3.2.tgz#83e8dbd0f8fba43c5fe2e601573e804afc771790"
  integrity sha512-qRkpmSeKfEWAzNhtX541xA8gCJ+pqCqBmUlDVkVDSCSYUvfvNqF+k9g8I+uyreRcDBdfiJrd0/aLbTy5ydo49Q==

xhr@^2.6.0:
  version "2.6.0"
  resolved "https://registry.yarnpkg.com/xhr/-/xhr-2.6.0.tgz#b69d4395e792b4173d6b7df077f0fc5e4e2b249d"
  integrity sha512-/eCGLb5rxjx5e3mF1A7s+pLlR6CGyqWN91fv1JgER5mVWg1MZmlhBvy9kjcsOdRk8RrIujotWyJamfyrp+WIcA==
  dependencies:
    global "~4.4.0"
    is-function "^1.0.1"
    parse-headers "^2.0.0"
    xtend "^4.0.0"

xtend@^4.0.0:
  version "4.0.2"
  resolved "https://registry.yarnpkg.com/xtend/-/xtend-4.0.2.tgz#bb72779f5fa465186b1f438f674fa347fdb5db54"
  integrity sha512-LKYU1iAXJXUgAXn9URjiu+MWhyUXHsvfp7mcuYm9dSUKK0/CjtrUwFAxD82/mCWbtLsGjFIad0wIsod4zrTAEQ==

yallist@^4.0.0:
  version "4.0.0"
  resolved "https://registry.yarnpkg.com/yallist/-/yallist-4.0.0.tgz#9bb92790d9c0effec63be73519e11a35019a3a72"
  integrity sha512-3wdGidZyq5PB084XLES5TpOSRA3wjXAlIWMhum2kRcv/41Sn2emQ0dycQW4uZXLejwKvg6EsvbdlVL+FYEct7A==
